
Microsoft Visual Studio Solution File, Format Version 12.00
# Visual Studio Version 17
VisualStudioVersion = 17.1.32421.90
MinimumVisualStudioVersion = 10.0.40219.1
Project("{8BC9CEB8-8B4A-11D0-8D11-00A0C91BC942}") = "ServerU", "ServerU.vcxproj", "{97E84AAA-E37D-4EDC-9F24-3D18CFC5AD2D}"
EndProject
Global
	GlobalSection(SolutionConfigurationPlatforms) = preSolution
		Debug|x64 = Debug|x64
		Debug|x86 = Debug|x86
		Release|x64 = Release|x64
		Release|x86 = Release|x86
	EndGlobalSection
	GlobalSection(ProjectConfigurationPlatforms) = postSolution
		{97E84AAA-E37D-4EDC-9F24-3D18CFC5AD2D}.Debug|x64.ActiveCfg = Debug|x64
		{97E84AAA-E37D-4EDC-9F24-3D18CFC5AD2D}.Debug|x64.Build.0 = Debug|x64
		{97E84AAA-E37D-4EDC-9F24-3D18CFC5AD2D}.Debug|x86.ActiveCfg = Debug|Win32
		{97E84AAA-E37D-4EDC-9F24-3D18CFC5AD2D}.Debug|x86.Build.0 = Debug|Win32
		{97E84AAA-E37D-4EDC-9F24-3D18CFC5AD2D}.Release|x64.ActiveCfg = Release|x64
		{97E84AAA-E37D-4EDC-9F24-3D18CFC5AD2D}.Release|x64.Build.0 = Release|x64
		{97E84AAA-E37D-4EDC-9F24-3D18CFC5AD2D}.Release|x86.ActiveCfg = Release|Win32
		{97E84AAA-E37D-4EDC-9F24-3D18CFC5AD2D}.Release|x86.Build.0 = Release|Win32
	EndGlobalSection
	GlobalSection(SolutionProperties) = preSolution
		HideSolutionNode = FALSE
	EndGlobalSection
	GlobalSection(ExtensibilityGlobals) = postSolution
		SolutionGuid = {C49BA911-17DD-4866-81AC-1CDE363232DA}
	EndGlobalSection
EndGlobal
