
Microsoft Visual Studio Solution File, Format Version 12.00
# Visual Studio Version 17
VisualStudioVersion = 17.1.32421.90
MinimumVisualStudioVersion = 10.0.40219.1
Project("{8BC9CEB8-8B4A-11D0-8D11-00A0C91BC942}") = "ClientB", "ClientB.vcxproj", "{5BCF2EFC-05E1-4369-B83C-A82D0E68069D}"
EndProject
Global
	GlobalSection(SolutionConfigurationPlatforms) = preSolution
		Debug|x64 = Debug|x64
		Debug|x86 = Debug|x86
		Release|x64 = Release|x64
		Release|x86 = Release|x86
	EndGlobalSection
	GlobalSection(ProjectConfigurationPlatforms) = postSolution
		{5BCF2EFC-05E1-4369-B83C-A82D0E68069D}.Debug|x64.ActiveCfg = Debug|x64
		{5BCF2EFC-05E1-4369-B83C-A82D0E68069D}.Debug|x64.Build.0 = Debug|x64
		{5BCF2EFC-05E1-4369-B83C-A82D0E68069D}.Debug|x86.ActiveCfg = Debug|Win32
		{5BCF2EFC-05E1-4369-B83C-A82D0E68069D}.Debug|x86.Build.0 = Debug|Win32
		{5BCF2EFC-05E1-4369-B83C-A82D0E68069D}.Release|x64.ActiveCfg = Release|x64
		{5BCF2EFC-05E1-4369-B83C-A82D0E68069D}.Release|x64.Build.0 = Release|x64
		{5BCF2EFC-05E1-4369-B83C-A82D0E68069D}.Release|x86.ActiveCfg = Release|Win32
		{5BCF2EFC-05E1-4369-B83C-A82D0E68069D}.Release|x86.Build.0 = Release|Win32
	EndGlobalSection
	GlobalSection(SolutionProperties) = preSolution
		HideSolutionNode = FALSE
	EndGlobalSection
	GlobalSection(ExtensibilityGlobals) = postSolution
		SolutionGuid = {AD1A5A3A-CFEC-4AC8-9F92-81BFC15B814A}
	EndGlobalSection
EndGlobal
